
Microsoft Visual Studio Solution File, Format Version 12.00
# Visual Studio 15
VisualStudioVersion = 15.0.26124.0
MinimumVisualStudioVersion = 15.0.26124.0
Project("{FAE04EC0-301F-11D3-BF4B-00C04F79EFBC}") = "Domain", "Domain\Domain.csproj", "{5D5436B9-07F3-464A-B52B-E75CBDFB53A1}"
EndProject
Project("{FAE04EC0-301F-11D3-BF4B-00C04F79EFBC}") = "Application", "Application\Application.csproj", "{CA7AF1EC-7169-427F-8FD0-F9908693725C}"
EndProject
Project("{FAE04EC0-301F-11D3-BF4B-00C04F79EFBC}") = "Persistence", "Persistence\Persistence.csproj", "{E1A1B5B4-9A7F-467A-BD95-9891E92E51F0}"
EndProject
Project("{FAE04EC0-301F-11D3-BF4B-00C04F79EFBC}") = "API", "API\API.csproj", "{82FD9DDE-2DDD-46E0-A5B2-FE6D35DA43EB}"
EndProject
Global
	GlobalSection(SolutionConfigurationPlatforms) = preSolution
		Debug|Any CPU = Debug|Any CPU
		Debug|x64 = Debug|x64
		Debug|x86 = Debug|x86
		Release|Any CPU = Release|Any CPU
		Release|x64 = Release|x64
		Release|x86 = Release|x86
	EndGlobalSection
	GlobalSection(SolutionProperties) = preSolution
		HideSolutionNode = FALSE
	EndGlobalSection
	GlobalSection(ProjectConfigurationPlatforms) = postSolution
		{5D5436B9-07F3-464A-B52B-E75CBDFB53A1}.Debug|Any CPU.ActiveCfg = Debug|Any CPU
		{5D5436B9-07F3-464A-B52B-E75CBDFB53A1}.Debug|Any CPU.Build.0 = Debug|Any CPU
		{5D5436B9-07F3-464A-B52B-E75CBDFB53A1}.Debug|x64.ActiveCfg = Debug|Any CPU
		{5D5436B9-07F3-464A-B52B-E75CBDFB53A1}.Debug|x64.Build.0 = Debug|Any CPU
		{5D5436B9-07F3-464A-B52B-E75CBDFB53A1}.Debug|x86.ActiveCfg = Debug|Any CPU
		{5D5436B9-07F3-464A-B52B-E75CBDFB53A1}.Debug|x86.Build.0 = Debug|Any CPU
		{5D5436B9-07F3-464A-B52B-E75CBDFB53A1}.Release|Any CPU.ActiveCfg = Release|Any CPU
		{5D5436B9-07F3-464A-B52B-E75CBDFB53A1}.Release|Any CPU.Build.0 = Release|Any CPU
		{5D5436B9-07F3-464A-B52B-E75CBDFB53A1}.Release|x64.ActiveCfg = Release|Any CPU
		{5D5436B9-07F3-464A-B52B-E75CBDFB53A1}.Release|x64.Build.0 = Release|Any CPU
		{5D5436B9-07F3-464A-B52B-E75CBDFB53A1}.Release|x86.ActiveCfg = Release|Any CPU
		{5D5436B9-07F3-464A-B52B-E75CBDFB53A1}.Release|x86.Build.0 = Release|Any CPU
		{CA7AF1EC-7169-427F-8FD0-F9908693725C}.Debug|Any CPU.ActiveCfg = Debug|Any CPU
		{CA7AF1EC-7169-427F-8FD0-F9908693725C}.Debug|Any CPU.Build.0 = Debug|Any CPU
		{CA7AF1EC-7169-427F-8FD0-F9908693725C}.Debug|x64.ActiveCfg = Debug|Any CPU
		{CA7AF1EC-7169-427F-8FD0-F9908693725C}.Debug|x64.Build.0 = Debug|Any CPU
		{CA7AF1EC-7169-427F-8FD0-F9908693725C}.Debug|x86.ActiveCfg = Debug|Any CPU
		{CA7AF1EC-7169-427F-8FD0-F9908693725C}.Debug|x86.Build.0 = Debug|Any CPU
		{CA7AF1EC-7169-427F-8FD0-F9908693725C}.Release|Any CPU.ActiveCfg = Release|Any CPU
		{CA7AF1EC-7169-427F-8FD0-F9908693725C}.Release|Any CPU.Build.0 = Release|Any CPU
		{CA7AF1EC-7169-427F-8FD0-F9908693725C}.Release|x64.ActiveCfg = Release|Any CPU
		{CA7AF1EC-7169-427F-8FD0-F9908693725C}.Release|x64.Build.0 = Release|Any CPU
		{CA7AF1EC-7169-427F-8FD0-F9908693725C}.Release|x86.ActiveCfg = Release|Any CPU
		{CA7AF1EC-7169-427F-8FD0-F9908693725C}.Release|x86.Build.0 = Release|Any CPU
		{E1A1B5B4-9A7F-467A-BD95-9891E92E51F0}.Debug|Any CPU.ActiveCfg = Debug|Any CPU
		{E1A1B5B4-9A7F-467A-BD95-9891E92E51F0}.Debug|Any CPU.Build.0 = Debug|Any CPU
		{E1A1B5B4-9A7F-467A-BD95-9891E92E51F0}.Debug|x64.ActiveCfg = Debug|Any CPU
		{E1A1B5B4-9A7F-467A-BD95-9891E92E51F0}.Debug|x64.Build.0 = Debug|Any CPU
		{E1A1B5B4-9A7F-467A-BD95-9891E92E51F0}.Debug|x86.ActiveCfg = Debug|Any CPU
		{E1A1B5B4-9A7F-467A-BD95-9891E92E51F0}.Debug|x86.Build.0 = Debug|Any CPU
		{E1A1B5B4-9A7F-467A-BD95-9891E92E51F0}.Release|Any CPU.ActiveCfg = Release|Any CPU
		{E1A1B5B4-9A7F-467A-BD95-9891E92E51F0}.Release|Any CPU.Build.0 = Release|Any CPU
		{E1A1B5B4-9A7F-467A-BD95-9891E92E51F0}.Release|x64.ActiveCfg = Release|Any CPU
		{E1A1B5B4-9A7F-467A-BD95-9891E92E51F0}.Release|x64.Build.0 = Release|Any CPU
		{E1A1B5B4-9A7F-467A-BD95-9891E92E51F0}.Release|x86.ActiveCfg = Release|Any CPU
		{E1A1B5B4-9A7F-467A-BD95-9891E92E51F0}.Release|x86.Build.0 = Release|Any CPU
		{82FD9DDE-2DDD-46E0-A5B2-FE6D35DA43EB}.Debug|Any CPU.ActiveCfg = Debug|Any CPU
		{82FD9DDE-2DDD-46E0-A5B2-FE6D35DA43EB}.Debug|Any CPU.Build.0 = Debug|Any CPU
		{82FD9DDE-2DDD-46E0-A5B2-FE6D35DA43EB}.Debug|x64.ActiveCfg = Debug|Any CPU
		{82FD9DDE-2DDD-46E0-A5B2-FE6D35DA43EB}.Debug|x64.Build.0 = Debug|Any CPU
		{82FD9DDE-2DDD-46E0-A5B2-FE6D35DA43EB}.Debug|x86.ActiveCfg = Debug|Any CPU
		{82FD9DDE-2DDD-46E0-A5B2-FE6D35DA43EB}.Debug|x86.Build.0 = Debug|Any CPU
		{82FD9DDE-2DDD-46E0-A5B2-FE6D35DA43EB}.Release|Any CPU.ActiveCfg = Release|Any CPU
		{82FD9DDE-2DDD-46E0-A5B2-FE6D35DA43EB}.Release|Any CPU.Build.0 = Release|Any CPU
		{82FD9DDE-2DDD-46E0-A5B2-FE6D35DA43EB}.Release|x64.ActiveCfg = Release|Any CPU
		{82FD9DDE-2DDD-46E0-A5B2-FE6D35DA43EB}.Release|x64.Build.0 = Release|Any CPU
		{82FD9DDE-2DDD-46E0-A5B2-FE6D35DA43EB}.Release|x86.ActiveCfg = Release|Any CPU
		{82FD9DDE-2DDD-46E0-A5B2-FE6D35DA43EB}.Release|x86.Build.0 = Release|Any CPU
	EndGlobalSection
EndGlobal
